Microsoft Visual Studio Solution File, Format Version 12.00
# Visual Studio Version 17
VisualStudioVersion = 17.5.2.0
MinimumVisualStudioVersion = 10.0.40219.1
Project("{FAE04EC0-301F-11D3-BF4B-00C04F79EFBC}") = "Serenity_Security", "Serenity_Security\Serenity_Security.csproj", "{B3DD5AFB-C8A7-5606-2630-5C14500EF79E}"
EndProject
Global
	GlobalSection(SolutionConfigurationPlatforms) = preSolution
		Debug|Any CPU = Debug|Any CPU
		Release|Any CPU = Release|Any CPU
	EndGlobalSection
	GlobalSection(ProjectConfigurationPlatforms) = postSolution
		{B3DD5AFB-C8A7-5606-2630-5C14500EF79E}.Debug|Any CPU.ActiveCfg = Debug|Any CPU
		{B3DD5AFB-C8A7-5606-2630-5C14500EF79E}.Debug|Any CPU.Build.0 = Debug|Any CPU
		{B3DD5AFB-C8A7-5606-2630-5C14500EF79E}.Release|Any CPU.ActiveCfg = Release|Any CPU
		{B3DD5AFB-C8A7-5606-2630-5C14500EF79E}.Release|Any CPU.Build.0 = Release|Any CPU
	EndGlobalSection
	GlobalSection(SolutionProperties) = preSolution
		HideSolutionNode = FALSE
	EndGlobalSection
	GlobalSection(ExtensibilityGlobals) = postSolution
		SolutionGuid = {D84188E5-D273-4E55-BCEB-DA14DD3AE6EA}
	EndGlobalSection
EndGlobal
